
Microsoft Visual Studio Solution File, Format Version 12.00
# Visual Studio Version 16
VisualStudioVersion = 16.0.29806.167
MinimumVisualStudioVersion = 10.0.40219.1
Project("{9A19103F-16F7-4668-BE54-9A1E7A4F7556}") = "DemoApi", "DemoApi\DemoApi.csproj", "{AAF16ACB-F770-48B6-9D30-7CE507ABD08B}"
EndProject
Project("{9A19103F-16F7-4668-BE54-9A1E7A4F7556}") = "Domain", "Domain\Domain.csproj", "{AD0B5791-3D16-4A97-B8F0-40E101DBF551}"
EndProject
Project("{FAE04EC0-301F-11D3-BF4B-00C04F79EFBC}") = "Service", "Service\Service.csproj", "{0BFD76A2-7549-474B-BC88-72D41EC49310}"
EndProject
Project("{FAE04EC0-301F-11D3-BF4B-00C04F79EFBC}") = "Repository", "Repository\Repository.csproj", "{70320B2F-4B6A-4CDC-998F-FC21E4972A61}"
EndProject
Global
	GlobalSection(SolutionConfigurationPlatforms) = preSolution
		Debug|Any CPU = Debug|Any CPU
		Release|Any CPU = Release|Any CPU
	EndGlobalSection
	GlobalSection(ProjectConfigurationPlatforms) = postSolution
		{AAF16ACB-F770-48B6-9D30-7CE507ABD08B}.Debug|Any CPU.ActiveCfg = Debug|Any CPU
		{AAF16ACB-F770-48B6-9D30-7CE507ABD08B}.Debug|Any CPU.Build.0 = Debug|Any CPU
		{AAF16ACB-F770-48B6-9D30-7CE507ABD08B}.Release|Any CPU.ActiveCfg = Release|Any CPU
		{AAF16ACB-F770-48B6-9D30-7CE507ABD08B}.Release|Any CPU.Build.0 = Release|Any CPU
		{AD0B5791-3D16-4A97-B8F0-40E101DBF551}.Debug|Any CPU.ActiveCfg = Debug|Any CPU
		{AD0B5791-3D16-4A97-B8F0-40E101DBF551}.Debug|Any CPU.Build.0 = Debug|Any CPU
		{AD0B5791-3D16-4A97-B8F0-40E101DBF551}.Release|Any CPU.ActiveCfg = Release|Any CPU
		{AD0B5791-3D16-4A97-B8F0-40E101DBF551}.Release|Any CPU.Build.0 = Release|Any CPU
		{0BFD76A2-7549-474B-BC88-72D41EC49310}.Debug|Any CPU.ActiveCfg = Debug|Any CPU
		{0BFD76A2-7549-474B-BC88-72D41EC49310}.Debug|Any CPU.Build.0 = Debug|Any CPU
		{0BFD76A2-7549-474B-BC88-72D41EC49310}.Release|Any CPU.ActiveCfg = Release|Any CPU
		{0BFD76A2-7549-474B-BC88-72D41EC49310}.Release|Any CPU.Build.0 = Release|Any CPU
		{70320B2F-4B6A-4CDC-998F-FC21E4972A61}.Debug|Any CPU.ActiveCfg = Debug|Any CPU
		{70320B2F-4B6A-4CDC-998F-FC21E4972A61}.Debug|Any CPU.Build.0 = Debug|Any CPU
		{70320B2F-4B6A-4CDC-998F-FC21E4972A61}.Release|Any CPU.ActiveCfg = Release|Any CPU
		{70320B2F-4B6A-4CDC-998F-FC21E4972A61}.Release|Any CPU.Build.0 = Release|Any CPU
	EndGlobalSection
	GlobalSection(SolutionProperties) = preSolution
		HideSolutionNode = FALSE
	EndGlobalSection
	GlobalSection(ExtensibilityGlobals) = postSolution
		SolutionGuid = {E95272AB-95E8-488E-B8B9-40059EAC1CCC}
	EndGlobalSection
EndGlobal
